# -------------------------------------------------------------------------- #
#
# Copyright (C) 2026  Altera Corporation. All rights reserved.
# Your use of Altera Corporation's design tools, logic functions 
# and other software and tools, and any partner logic 
# functions, and any output files from any of the foregoing 
# (including device programming or simulation files), and any 
# associated documentation or information are expressly subject 
# to the terms and conditions of the Altera Program License 
# Subscription Agreement, the Altera Quartus Prime License Agreement,
# the Altera IP License Agreement, or other applicable license
# agreement, including, without limitation, that your use is for
# the sole purpose of programming logic devices manufactured by
# Altera and sold by Altera or its authorized distributors.  Please
# refer to the Altera Software License Subscription Agreements 
# on the Quartus Prime software download page.
#
# -------------------------------------------------------------------------- #
#
# Quartus Prime
# Version 26.1.0 Build 110 03/26/2026 SC Pro Edition
# Date created = 20:40:44  July 14, 2026
#
# -------------------------------------------------------------------------- #
set_global_assignment -name TOP_LEVEL_ENTITY de25_nano_test_top
set_global_assignment -name ORIGINAL_QUARTUS_VERSION 26.1.0
set_global_assignment -name PROJECT_CREATION_TIME_DATE "20:40:44  JULY 14, 2026"
set_global_assignment -name LAST_QUARTUS_VERSION "26.1.0 Pro Edition"
set_global_assignment -name PROJECT_OUTPUT_DIRECTORY output_files
set_global_assignment -name MIN_CORE_JUNCTION_TEMP 0
set_global_assignment -name MAX_CORE_JUNCTION_TEMP 100
set_global_assignment -name DEVICE A5EB013BB23BE4SR1
set_global_assignment -name FAMILY "Agilex 5"
set_global_assignment -name ERROR_CHECK_FREQUENCY_DIVISOR 256

# -------------------------------------------------------------------------- #
# DE25-Nano minimal blinky design
#
# The board's user LEDs are active low: drive a pin low to turn its LED on.
# CLOCK0_50 and LEDR[0] are both in 1.1-V I/O banks.
# -------------------------------------------------------------------------- #
set_global_assignment -name SYSTEMVERILOG_FILE ../rtl/de25_nano_test_top.sv
set_global_assignment -name SYSTEMVERILOG_FILE ../rtl/altera_s10_user_rst_clkgate.sv
set_global_assignment -name SDC_FILE de25_nano_test_top.sdc

set_location_assignment PIN_DJ35 -to CLOCK0_50
set_instance_assignment -name IO_STANDARD "1.1 V" -to CLOCK0_50

set_location_assignment PIN_DF35 -to LEDR[0]
set_location_assignment PIN_DJ32 -to LEDR[1]
set_location_assignment PIN_DN22 -to LEDR[2]
set_location_assignment PIN_DP23 -to LEDR[3]
set_location_assignment PIN_DN25 -to LEDR[4]
set_location_assignment PIN_DP25 -to LEDR[5]
set_location_assignment PIN_DJ27 -to LEDR[6]
set_location_assignment PIN_DP30 -to LEDR[7]
set_instance_assignment -name IO_STANDARD "1.1 V" -to LEDR[0]
set_instance_assignment -name IO_STANDARD "1.1 V" -to LEDR[1]
set_instance_assignment -name IO_STANDARD "1.1 V" -to LEDR[2]
set_instance_assignment -name IO_STANDARD "1.1 V" -to LEDR[3]
set_instance_assignment -name IO_STANDARD "1.1 V" -to LEDR[4]
set_instance_assignment -name IO_STANDARD "1.1 V" -to LEDR[5]
set_instance_assignment -name IO_STANDARD "1.1 V" -to LEDR[6]
set_instance_assignment -name IO_STANDARD "1.1 V" -to LEDR[7]
set_global_assignment -name PWRMGT_VOLTAGE_OUTPUT_FORMAT "LINEAR FORMAT"
set_global_assignment -name PWRMGT_LINEAR_FORMAT_N "-12"
